
Microsoft Visual Studio Solution File, Format Version 12.00
# Visual Studio Version 17
VisualStudioVersion = 17.7.34018.315
MinimumVisualStudioVersion = 10.0.40219.1
Project("{FAE04EC0-301F-11D3-BF4B-00C04F79EFBC}") = "ipcleaner", "ipcleaner.csproj", "{54E3BD73-1337-47DC-BA10-DE7EEB50383B}"
EndProject
Global
	GlobalSection(SolutionConfigurationPlatforms) = preSolution
		Debug|Any CPU = Debug|Any CPU
		Release|Any CPU = Release|Any CPU
	EndGlobalSection
	GlobalSection(ProjectConfigurationPlatforms) = postSolution
		{54E3BD73-1337-47DC-BA10-DE7EEB50383B}.Debug|Any CPU.ActiveCfg = Debug|Any CPU
		{54E3BD73-1337-47DC-BA10-DE7EEB50383B}.Debug|Any CPU.Build.0 = Debug|Any CPU
		{54E3BD73-1337-47DC-BA10-DE7EEB50383B}.Release|Any CPU.ActiveCfg = Release|Any CPU
		{54E3BD73-1337-47DC-BA10-DE7EEB50383B}.Release|Any CPU.Build.0 = Release|Any CPU
	EndGlobalSection
	GlobalSection(SolutionProperties) = preSolution
		HideSolutionNode = FALSE
	EndGlobalSection
	GlobalSection(ExtensibilityGlobals) = postSolution
		SolutionGuid = {55E3EEA9-8A32-40B1-B379-BF942C034DB4}
	EndGlobalSection
EndGlobal
